
Microsoft Visual Studio Solution File, Format Version 12.00
# Visual Studio 15
VisualStudioVersion = 15.0.28307.1000
MinimumVisualStudioVersion = 10.0.40219.1
Project("{FAE04EC0-301F-11D3-BF4B-00C04F79EFBC}") = "EcommerceAPI", "EcommerceAPI\EcommerceAPI.csproj", "{76F9CB14-3C45-44B5-B5BD-4D145D6849C3}"
EndProject
Global
	GlobalSection(SolutionConfigurationPlatforms) = preSolution
		Debug|Any CPU = Debug|Any CPU
		Release|Any CPU = Release|Any CPU
	EndGlobalSection
	GlobalSection(ProjectConfigurationPlatforms) = postSolution
		{76F9CB14-3C45-44B5-B5BD-4D145D6849C3}.Debug|Any CPU.ActiveCfg = Debug|Any CPU
		{76F9CB14-3C45-44B5-B5BD-4D145D6849C3}.Debug|Any CPU.Build.0 = Debug|Any CPU
		{76F9CB14-3C45-44B5-B5BD-4D145D6849C3}.Release|Any CPU.ActiveCfg = Release|Any CPU
		{76F9CB14-3C45-44B5-B5BD-4D145D6849C3}.Release|Any CPU.Build.0 = Release|Any CPU
	EndGlobalSection
	GlobalSection(SolutionProperties) = preSolution
		HideSolutionNode = FALSE
	EndGlobalSection
	GlobalSection(ExtensibilityGlobals) = postSolution
		SolutionGuid = {595BBC70-4657-4C76-886A-A02B3BBA1D21}
	EndGlobalSection
EndGlobal
